
Microsoft Visual Studio Solution File, Format Version 12.00
# Visual Studio 2012
Project("{8BC9CEB8-8B4A-11D0-8D11-00A0C91BC942}") = "rdbms_engine", "rdbms_engine\rdbms_engine.vcxproj", "{D6A23F6A-C357-480B-83B4-1ACAAFACFDDF}"
EndProject
Project("{8BC9CEB8-8B4A-11D0-8D11-00A0C91BC942}") = "unit_test", "unit_test\unit_test.vcxproj", "{3BDDCDFB-347A-4DFC-8874-FECD06B1FF22}"
EndProject
Project("{8BC9CEB8-8B4A-11D0-8D11-00A0C91BC942}") = "rdbms_main", "rdbms_main\rdbms_main.vcxproj", "{C8D5B838-D825-4DE2-A90C-5D061F885907}"
EndProject
Project("{8BC9CEB8-8B4A-11D0-8D11-00A0C91BC942}") = "RestaurantApp", "RestaurantApp\RestaurantApp.vcxproj", "{A9E5D59D-11A7-44B6-8CF1-8A3FAD9AF14D}"
EndProject
Global
	GlobalSection(SolutionConfigurationPlatforms) = preSolution
		Debug|Win32 = Debug|Win32
		Release|Win32 = Release|Win32
	EndGlobalSection
	GlobalSection(ProjectConfigurationPlatforms) = postSolution
		{D6A23F6A-C357-480B-83B4-1ACAAFACFDDF}.Debug|Win32.ActiveCfg = Debug|Win32
		{D6A23F6A-C357-480B-83B4-1ACAAFACFDDF}.Debug|Win32.Build.0 = Debug|Win32
		{D6A23F6A-C357-480B-83B4-1ACAAFACFDDF}.Release|Win32.ActiveCfg = Release|Win32
		{D6A23F6A-C357-480B-83B4-1ACAAFACFDDF}.Release|Win32.Build.0 = Release|Win32
		{3BDDCDFB-347A-4DFC-8874-FECD06B1FF22}.Debug|Win32.ActiveCfg = Debug|Win32
		{3BDDCDFB-347A-4DFC-8874-FECD06B1FF22}.Debug|Win32.Build.0 = Debug|Win32
		{3BDDCDFB-347A-4DFC-8874-FECD06B1FF22}.Release|Win32.ActiveCfg = Release|Win32
		{3BDDCDFB-347A-4DFC-8874-FECD06B1FF22}.Release|Win32.Build.0 = Release|Win32
		{C8D5B838-D825-4DE2-A90C-5D061F885907}.Debug|Win32.ActiveCfg = Debug|Win32
		{C8D5B838-D825-4DE2-A90C-5D061F885907}.Debug|Win32.Build.0 = Debug|Win32
		{C8D5B838-D825-4DE2-A90C-5D061F885907}.Release|Win32.ActiveCfg = Release|Win32
		{C8D5B838-D825-4DE2-A90C-5D061F885907}.Release|Win32.Build.0 = Release|Win32
		{A9E5D59D-11A7-44B6-8CF1-8A3FAD9AF14D}.Debug|Win32.ActiveCfg = Debug|Win32
		{A9E5D59D-11A7-44B6-8CF1-8A3FAD9AF14D}.Debug|Win32.Build.0 = Debug|Win32
		{A9E5D59D-11A7-44B6-8CF1-8A3FAD9AF14D}.Release|Win32.ActiveCfg = Release|Win32
		{A9E5D59D-11A7-44B6-8CF1-8A3FAD9AF14D}.Release|Win32.Build.0 = Release|Win32
	EndGlobalSection
	GlobalSection(SolutionProperties) = preSolution
		HideSolutionNode = FALSE
	EndGlobalSection
EndGlobal
